
Microsoft Visual Studio Solution File, Format Version 12.00
# Visual Studio Version 17
VisualStudioVersion = 17.10.35013.160
MinimumVisualStudioVersion = 10.0.40219.1
Project("{9A19103F-16F7-4668-BE54-9A1E7A4F7556}") = "FlightBookingSystem.Api", "FlightBookingSystem.Api\FlightBookingSystem.Api.csproj", "{B0AFA0C4-917C-49F7-9B3A-E90E483F2AB1}"
EndProject
Project("{9A19103F-16F7-4668-BE54-9A1E7A4F7556}") = "FlightBookingSystem.Domain", "FlightBookingSystem.Domain\FlightBookingSystem.Domain.csproj", "{F91F1F28-2CA9-4C26-AAD2-CA3CDAACE44B}"
EndProject
Project("{9A19103F-16F7-4668-BE54-9A1E7A4F7556}") = "FlightBookingSystem.Application", "FlightBookingSystem.Application\FlightBookingSystem.Application.csproj", "{4C6599C1-E4B0-4203-B386-729D373E0544}"
EndProject
Project("{9A19103F-16F7-4668-BE54-9A1E7A4F7556}") = "FlightBookingSystem.Infrastructure", "FlightBookingSystem.Infrastructure\FlightBookingSystem.Infrastructure.csproj", "{38735DD3-B097-4B20-AAB0-7C141ED3A458}"
EndProject
Project("{FAE04EC0-301F-11D3-BF4B-00C04F79EFBC}") = "FlightBookingSystem.Bgs", "FlightBookingSystem.Bgs\FlightBookingSystem.Bgs.csproj", "{C46A334E-CF81-445D-80ED-7565B43A6262}"
EndProject
Global
	GlobalSection(SolutionConfigurationPlatforms) = preSolution
		Debug|Any CPU = Debug|Any CPU
		Release|Any CPU = Release|Any CPU
	EndGlobalSection
	GlobalSection(ProjectConfigurationPlatforms) = postSolution
		{B0AFA0C4-917C-49F7-9B3A-E90E483F2AB1}.Debug|Any CPU.ActiveCfg = Debug|Any CPU
		{B0AFA0C4-917C-49F7-9B3A-E90E483F2AB1}.Debug|Any CPU.Build.0 = Debug|Any CPU
		{B0AFA0C4-917C-49F7-9B3A-E90E483F2AB1}.Release|Any CPU.ActiveCfg = Release|Any CPU
		{B0AFA0C4-917C-49F7-9B3A-E90E483F2AB1}.Release|Any CPU.Build.0 = Release|Any CPU
		{F91F1F28-2CA9-4C26-AAD2-CA3CDAACE44B}.Debug|Any CPU.ActiveCfg = Debug|Any CPU
		{F91F1F28-2CA9-4C26-AAD2-CA3CDAACE44B}.Debug|Any CPU.Build.0 = Debug|Any CPU
		{F91F1F28-2CA9-4C26-AAD2-CA3CDAACE44B}.Release|Any CPU.ActiveCfg = Release|Any CPU
		{F91F1F28-2CA9-4C26-AAD2-CA3CDAACE44B}.Release|Any CPU.Build.0 = Release|Any CPU
		{4C6599C1-E4B0-4203-B386-729D373E0544}.Debug|Any CPU.ActiveCfg = Debug|Any CPU
		{4C6599C1-E4B0-4203-B386-729D373E0544}.Debug|Any CPU.Build.0 = Debug|Any CPU
		{4C6599C1-E4B0-4203-B386-729D373E0544}.Release|Any CPU.ActiveCfg = Release|Any CPU
		{4C6599C1-E4B0-4203-B386-729D373E0544}.Release|Any CPU.Build.0 = Release|Any CPU
		{38735DD3-B097-4B20-AAB0-7C141ED3A458}.Debug|Any CPU.ActiveCfg = Debug|Any CPU
		{38735DD3-B097-4B20-AAB0-7C141ED3A458}.Debug|Any CPU.Build.0 = Debug|Any CPU
		{38735DD3-B097-4B20-AAB0-7C141ED3A458}.Release|Any CPU.ActiveCfg = Release|Any CPU
		{38735DD3-B097-4B20-AAB0-7C141ED3A458}.Release|Any CPU.Build.0 = Release|Any CPU
		{C46A334E-CF81-445D-80ED-7565B43A6262}.Debug|Any CPU.ActiveCfg = Debug|Any CPU
		{C46A334E-CF81-445D-80ED-7565B43A6262}.Debug|Any CPU.Build.0 = Debug|Any CPU
		{C46A334E-CF81-445D-80ED-7565B43A6262}.Release|Any CPU.ActiveCfg = Release|Any CPU
		{C46A334E-CF81-445D-80ED-7565B43A6262}.Release|Any CPU.Build.0 = Release|Any CPU
	EndGlobalSection
	GlobalSection(SolutionProperties) = preSolution
		HideSolutionNode = FALSE
	EndGlobalSection
	GlobalSection(ExtensibilityGlobals) = postSolution
		SolutionGuid = {1E8138BE-AB01-4A6E-9FC4-6B3E3641CA5C}
	EndGlobalSection
EndGlobal
